
Microsoft Visual Studio Solution File, Format Version 12.00
# Visual Studio 15
VisualStudioVersion = 15.0.26124.0
MinimumVisualStudioVersion = 15.0.26124.0
Project("{9A19103F-16F7-4668-BE54-9A1E7A4F7556}") = "R5T.NetStandard.Construction", "R5T.NetStandard.Construction\R5T.NetStandard.Construction.csproj", "{69722A71-6F29-4A97-933F-5340348C9939}"
EndProject
Project("{9A19103F-16F7-4668-BE54-9A1E7A4F7556}") = "R5T.NetStandard", "R5T.NetStandard\R5T.NetStandard.csproj", "{56A196DD-7815-4933-B26F-CA0A8CD01911}"
EndProject
Project("{9A19103F-16F7-4668-BE54-9A1E7A4F7556}") = "R5T.NetStandard.Types", "..\..\R5T.NetStandard.Types\source\R5T.NetStandard.Types\R5T.NetStandard.Types.csproj", "{ACF3D96D-2546-4FD3-BC06-20497C7E2268}"
EndProject
Project("{9A19103F-16F7-4668-BE54-9A1E7A4F7556}") = "R5T.NetStandard.IO", "..\..\R5T.NetStandard.IO\source\R5T.NetStandard.IO\R5T.NetStandard.IO.csproj", "{594CCBDD-E777-4E02-8A04-00239FC928F3}"
EndProject
Project("{9A19103F-16F7-4668-BE54-9A1E7A4F7556}") = "R5T.NetStandard.OS", "..\..\R5T.NetStandard.OS\source\R5T.NetStandard.OS\R5T.NetStandard.OS.csproj", "{6B516D23-CE1F-41DD-A4B9-5FB492A7FA52}"
EndProject
Project("{9A19103F-16F7-4668-BE54-9A1E7A4F7556}") = "R5T.NetStandard.IO.Paths", "..\..\R5T.NetStandard.IO.Paths\source\R5T.NetStandard.IO.Paths\R5T.NetStandard.IO.Paths.csproj", "{C1DCB895-C660-461D-9635-DF5ECF5B71D9}"
EndProject
Project("{9A19103F-16F7-4668-BE54-9A1E7A4F7556}") = "R5T.NetStandard.IO.Serialization", "..\..\R5T.NetStandard.IO.Serialization\source\R5T.NetStandard.IO.Serialization\R5T.NetStandard.IO.Serialization.csproj", "{FCDA444B-1EBE-430B-BB67-A005DE46C4C8}"
EndProject
Project("{9A19103F-16F7-4668-BE54-9A1E7A4F7556}") = "R5T.NetStandard.IO.Types", "..\..\R5T.NetStandard.IO.Types\source\R5T.NetStandard.IO.Types\R5T.NetStandard.IO.Types.csproj", "{04BEDB32-4577-4B56-A117-7CD467BCAA3D}"
EndProject
Project("{2150E333-8FDC-42A3-9474-1A3956D46DE8}") = "_Dependencies", "_Dependencies", "{DFE662AE-465D-4300-820B-87C65FF51C91}"
EndProject
Project("{9A19103F-16F7-4668-BE54-9A1E7A4F7556}") = "R5T.NetStandard.IO.Paths.Types", "..\..\R5T.NetStandard.IO.Paths.Types\source\R5T.NetStandard.IO.Paths.Types\R5T.NetStandard.IO.Paths.Types.csproj", "{40BBAFE2-2D08-479F-9CFD-99A2C66955B3}"
EndProject
Project("{9A19103F-16F7-4668-BE54-9A1E7A4F7556}") = "R5T.NetStandard.OS.Types", "..\..\R5T.NetStandard.OS.Types\source\R5T.NetStandard.OS.Types\R5T.NetStandard.OS.Types.csproj", "{F97732D6-BF69-4D05-8266-83485058CA0E}"
EndProject
Project("{9A19103F-16F7-4668-BE54-9A1E7A4F7556}") = "R5T.NetStandard.TypedString", "..\..\R5T.NetStandard.TypedString\source\R5T.NetStandard.TypedString\R5T.NetStandard.TypedString.csproj", "{941D782F-17F5-4F2F-903E-DF17BEB66151}"
EndProject
Project("{9A19103F-16F7-4668-BE54-9A1E7A4F7556}") = "R5T.NetStandard.Logging.Types", "..\..\R5T.NetStandard.Logging.Types\source\R5T.NetStandard.Logging.Types\R5T.NetStandard.Logging.Types.csproj", "{40D64843-381E-4EF4-B3C4-4AD8F2338735}"
EndProject
Project("{9A19103F-16F7-4668-BE54-9A1E7A4F7556}") = "R5T.NetStandard.Logging", "..\..\R5T.NetStandard.Logging\source\R5T.NetStandard.Logging\R5T.NetStandard.Logging.csproj", "{56D4DA11-4A0E-4A83-B7D5-F794C15FC8B8}"
EndProject
Project("{9A19103F-16F7-4668-BE54-9A1E7A4F7556}") = "R5T.NetStandard.DI", "..\..\R5T.NetStandard.DI\source\R5T.NetStandard.DI\R5T.NetStandard.DI.csproj", "{E14338AA-BAA7-4F9E-9FB7-EA68C4257DED}"
EndProject
Project("{9A19103F-16F7-4668-BE54-9A1E7A4F7556}") = "R5T.NetStandard.Configuration", "..\..\R5T.NetStandard.Configuration\source\R5T.NetStandard.Configuration\R5T.NetStandard.Configuration.csproj", "{9D310C06-6170-4BFE-AEDA-8BABBAACD0E8}"
EndProject
Project("{9A19103F-16F7-4668-BE54-9A1E7A4F7556}") = "R5T.NetStandard.DI.Types", "..\..\R5T.NetStandard.DI.Types\source\R5T.NetStandard.DI.Types\R5T.NetStandard.DI.Types.csproj", "{E1A0D3FF-CB60-48C6-A486-EAD79342B077}"
EndProject
Global
	GlobalSection(SolutionConfigurationPlatforms) = preSolution
		Debug|Any CPU = Debug|Any CPU
		Debug|x64 = Debug|x64
		Debug|x86 = Debug|x86
		Release|Any CPU = Release|Any CPU
		Release|x64 = Release|x64
		Release|x86 = Release|x86
	EndGlobalSection
	GlobalSection(ProjectConfigurationPlatforms) = postSolution
		{69722A71-6F29-4A97-933F-5340348C9939}.Debug|Any CPU.ActiveCfg = Debug|Any CPU
		{69722A71-6F29-4A97-933F-5340348C9939}.Debug|Any CPU.Build.0 = Debug|Any CPU
		{69722A71-6F29-4A97-933F-5340348C9939}.Debug|x64.ActiveCfg = Debug|Any CPU
		{69722A71-6F29-4A97-933F-5340348C9939}.Debug|x64.Build.0 = Debug|Any CPU
		{69722A71-6F29-4A97-933F-5340348C9939}.Debug|x86.ActiveCfg = Debug|Any CPU
		{69722A71-6F29-4A97-933F-5340348C9939}.Debug|x86.Build.0 = Debug|Any CPU
		{69722A71-6F29-4A97-933F-5340348C9939}.Release|Any CPU.ActiveCfg = Release|Any CPU
		{69722A71-6F29-4A97-933F-5340348C9939}.Release|Any CPU.Build.0 = Release|Any CPU
		{69722A71-6F29-4A97-933F-5340348C9939}.Release|x64.ActiveCfg = Release|Any CPU
		{69722A71-6F29-4A97-933F-5340348C9939}.Release|x64.Build.0 = Release|Any CPU
		{69722A71-6F29-4A97-933F-5340348C9939}.Release|x86.ActiveCfg = Release|Any CPU
		{69722A71-6F29-4A97-933F-5340348C9939}.Release|x86.Build.0 = Release|Any CPU
		{56A196DD-7815-4933-B26F-CA0A8CD01911}.Debug|Any CPU.ActiveCfg = Debug|Any CPU
		{56A196DD-7815-4933-B26F-CA0A8CD01911}.Debug|Any CPU.Build.0 = Debug|Any CPU
		{56A196DD-7815-4933-B26F-CA0A8CD01911}.Debug|x64.ActiveCfg = Debug|Any CPU
		{56A196DD-7815-4933-B26F-CA0A8CD01911}.Debug|x64.Build.0 = Debug|Any CPU
		{56A196DD-7815-4933-B26F-CA0A8CD01911}.Debug|x86.ActiveCfg = Debug|Any CPU
		{56A196DD-7815-4933-B26F-CA0A8CD01911}.Debug|x86.Build.0 = Debug|Any CPU
		{56A196DD-7815-4933-B26F-CA0A8CD01911}.Release|Any CPU.ActiveCfg = Release|Any CPU
		{56A196DD-7815-4933-B26F-CA0A8CD01911}.Release|Any CPU.Build.0 = Release|Any CPU
		{56A196DD-7815-4933-B26F-CA0A8CD01911}.Release|x64.ActiveCfg = Release|Any CPU
		{56A196DD-7815-4933-B26F-CA0A8CD01911}.Release|x64.Build.0 = Release|Any CPU
		{56A196DD-7815-4933-B26F-CA0A8CD01911}.Release|x86.ActiveCfg = Release|Any CPU
		{56A196DD-7815-4933-B26F-CA0A8CD01911}.Release|x86.Build.0 = Release|Any CPU
		{ACF3D96D-2546-4FD3-BC06-20497C7E2268}.Debug|Any CPU.ActiveCfg = Debug|Any CPU
		{ACF3D96D-2546-4FD3-BC06-20497C7E2268}.Debug|Any CPU.Build.0 = Debug|Any CPU
		{ACF3D96D-2546-4FD3-BC06-20497C7E2268}.Debug|x64.ActiveCfg = Debug|Any CPU
		{ACF3D96D-2546-4FD3-BC06-20497C7E2268}.Debug|x64.Build.0 = Debug|Any CPU
		{ACF3D96D-2546-4FD3-BC06-20497C7E2268}.Debug|x86.ActiveCfg = Debug|Any CPU
		{ACF3D96D-2546-4FD3-BC06-20497C7E2268}.Debug|x86.Build.0 = Debug|Any CPU
		{ACF3D96D-2546-4FD3-BC06-20497C7E2268}.Release|Any CPU.ActiveCfg = Release|Any CPU
		{ACF3D96D-2546-4FD3-BC06-20497C7E2268}.Release|Any CPU.Build.0 = Release|Any CPU
		{ACF3D96D-2546-4FD3-BC06-20497C7E2268}.Release|x64.ActiveCfg = Release|Any CPU
		{ACF3D96D-2546-4FD3-BC06-20497C7E2268}.Release|x64.Build.0 = Release|Any CPU
		{ACF3D96D-2546-4FD3-BC06-20497C7E2268}.Release|x86.ActiveCfg = Release|Any CPU
		{ACF3D96D-2546-4FD3-BC06-20497C7E2268}.Release|x86.Build.0 = Release|Any CPU
		{594CCBDD-E777-4E02-8A04-00239FC928F3}.Debug|Any CPU.ActiveCfg = Debug|Any CPU
		{594CCBDD-E777-4E02-8A04-00239FC928F3}.Debug|Any CPU.Build.0 = Debug|Any CPU
		{594CCBDD-E777-4E02-8A04-00239FC928F3}.Debug|x64.ActiveCfg = Debug|Any CPU
		{594CCBDD-E777-4E02-8A04-00239FC928F3}.Debug|x64.Build.0 = Debug|Any CPU
		{594CCBDD-E777-4E02-8A04-00239FC928F3}.Debug|x86.ActiveCfg = Debug|Any CPU
		{594CCBDD-E777-4E02-8A04-00239FC928F3}.Debug|x86.Build.0 = Debug|Any CPU
		{594CCBDD-E777-4E02-8A04-00239FC928F3}.Release|Any CPU.ActiveCfg = Release|Any CPU
		{594CCBDD-E777-4E02-8A04-00239FC928F3}.Release|Any CPU.Build.0 = Release|Any CPU
		{594CCBDD-E777-4E02-8A04-00239FC928F3}.Release|x64.ActiveCfg = Release|Any CPU
		{594CCBDD-E777-4E02-8A04-00239FC928F3}.Release|x64.Build.0 = Release|Any CPU
		{594CCBDD-E777-4E02-8A04-00239FC928F3}.Release|x86.ActiveCfg = Release|Any CPU
		{594CCBDD-E777-4E02-8A04-00239FC928F3}.Release|x86.Build.0 = Release|Any CPU
		{6B516D23-CE1F-41DD-A4B9-5FB492A7FA52}.Debug|Any CPU.ActiveCfg = Debug|Any CPU
		{6B516D23-CE1F-41DD-A4B9-5FB492A7FA52}.Debug|Any CPU.Build.0 = Debug|Any CPU
		{6B516D23-CE1F-41DD-A4B9-5FB492A7FA52}.Debug|x64.ActiveCfg = Debug|Any CPU
		{6B516D23-CE1F-41DD-A4B9-5FB492A7FA52}.Debug|x64.Build.0 = Debug|Any CPU
		{6B516D23-CE1F-41DD-A4B9-5FB492A7FA52}.Debug|x86.ActiveCfg = Debug|Any CPU
		{6B516D23-CE1F-41DD-A4B9-5FB492A7FA52}.Debug|x86.Build.0 = Debug|Any CPU
		{6B516D23-CE1F-41DD-A4B9-5FB492A7FA52}.Release|Any CPU.ActiveCfg = Release|Any CPU
		{6B516D23-CE1F-41DD-A4B9-5FB492A7FA52}.Release|Any CPU.Build.0 = Release|Any CPU
		{6B516D23-CE1F-41DD-A4B9-5FB492A7FA52}.Release|x64.ActiveCfg = Release|Any CPU
		{6B516D23-CE1F-41DD-A4B9-5FB492A7FA52}.Release|x64.Build.0 = Release|Any CPU
		{6B516D23-CE1F-41DD-A4B9-5FB492A7FA52}.Release|x86.ActiveCfg = Release|Any CPU
		{6B516D23-CE1F-41DD-A4B9-5FB492A7FA52}.Release|x86.Build.0 = Release|Any CPU
		{C1DCB895-C660-461D-9635-DF5ECF5B71D9}.Debug|Any CPU.ActiveCfg = Debug|Any CPU
		{C1DCB895-C660-461D-9635-DF5ECF5B71D9}.Debug|Any CPU.Build.0 = Debug|Any CPU
		{C1DCB895-C660-461D-9635-DF5ECF5B71D9}.Debug|x64.ActiveCfg = Debug|Any CPU
		{C1DCB895-C660-461D-9635-DF5ECF5B71D9}.Debug|x64.Build.0 = Debug|Any CPU
		{C1DCB895-C660-461D-9635-DF5ECF5B71D9}.Debug|x86.ActiveCfg = Debug|Any CPU
		{C1DCB895-C660-461D-9635-DF5ECF5B71D9}.Debug|x86.Build.0 = Debug|Any CPU
		{C1DCB895-C660-461D-9635-DF5ECF5B71D9}.Release|Any CPU.ActiveCfg = Release|Any CPU
		{C1DCB895-C660-461D-9635-DF5ECF5B71D9}.Release|Any CPU.Build.0 = Release|Any CPU
		{C1DCB895-C660-461D-9635-DF5ECF5B71D9}.Release|x64.ActiveCfg = Release|Any CPU
		{C1DCB895-C660-461D-9635-DF5ECF5B71D9}.Release|x64.Build.0 = Release|Any CPU
		{C1DCB895-C660-461D-9635-DF5ECF5B71D9}.Release|x86.ActiveCfg = Release|Any CPU
		{C1DCB895-C660-461D-9635-DF5ECF5B71D9}.Release|x86.Build.0 = Release|Any CPU
		{FCDA444B-1EBE-430B-BB67-A005DE46C4C8}.Debug|Any CPU.ActiveCfg = Debug|Any CPU
		{FCDA444B-1EBE-430B-BB67-A005DE46C4C8}.Debug|Any CPU.Build.0 = Debug|Any CPU
		{FCDA444B-1EBE-430B-BB67-A005DE46C4C8}.Debug|x64.ActiveCfg = Debug|Any CPU
		{FCDA444B-1EBE-430B-BB67-A005DE46C4C8}.Debug|x64.Build.0 = Debug|Any CPU
		{FCDA444B-1EBE-430B-BB67-A005DE46C4C8}.Debug|x86.ActiveCfg = Debug|Any CPU
		{FCDA444B-1EBE-430B-BB67-A005DE46C4C8}.Debug|x86.Build.0 = Debug|Any CPU
		{FCDA444B-1EBE-430B-BB67-A005DE46C4C8}.Release|Any CPU.ActiveCfg = Release|Any CPU
		{FCDA444B-1EBE-430B-BB67-A005DE46C4C8}.Release|Any CPU.Build.0 = Release|Any CPU
		{FCDA444B-1EBE-430B-BB67-A005DE46C4C8}.Release|x64.ActiveCfg = Release|Any CPU
		{FCDA444B-1EBE-430B-BB67-A005DE46C4C8}.Release|x64.Build.0 = Release|Any CPU
		{FCDA444B-1EBE-430B-BB67-A005DE46C4C8}.Release|x86.ActiveCfg = Release|Any CPU
		{FCDA444B-1EBE-430B-BB67-A005DE46C4C8}.Release|x86.Build.0 = Release|Any CPU
		{04BEDB32-4577-4B56-A117-7CD467BCAA3D}.Debug|Any CPU.ActiveCfg = Debug|Any CPU
		{04BEDB32-4577-4B56-A117-7CD467BCAA3D}.Debug|Any CPU.Build.0 = Debug|Any CPU
		{04BEDB32-4577-4B56-A117-7CD467BCAA3D}.Debug|x64.ActiveCfg = Debug|Any CPU
		{04BEDB32-4577-4B56-A117-7CD467BCAA3D}.Debug|x64.Build.0 = Debug|Any CPU
		{04BEDB32-4577-4B56-A117-7CD467BCAA3D}.Debug|x86.ActiveCfg = Debug|Any CPU
		{04BEDB32-4577-4B56-A117-7CD467BCAA3D}.Debug|x86.Build.0 = Debug|Any CPU
		{04BEDB32-4577-4B56-A117-7CD467BCAA3D}.Release|Any CPU.ActiveCfg = Release|Any CPU
		{04BEDB32-4577-4B56-A117-7CD467BCAA3D}.Release|Any CPU.Build.0 = Release|Any CPU
		{04BEDB32-4577-4B56-A117-7CD467BCAA3D}.Release|x64.ActiveCfg = Release|Any CPU
		{04BEDB32-4577-4B56-A117-7CD467BCAA3D}.Release|x64.Build.0 = Release|Any CPU
		{04BEDB32-4577-4B56-A117-7CD467BCAA3D}.Release|x86.ActiveCfg = Release|Any CPU
		{04BEDB32-4577-4B56-A117-7CD467BCAA3D}.Release|x86.Build.0 = Release|Any CPU
		{40BBAFE2-2D08-479F-9CFD-99A2C66955B3}.Debug|Any CPU.ActiveCfg = Debug|Any CPU
		{40BBAFE2-2D08-479F-9CFD-99A2C66955B3}.Debug|Any CPU.Build.0 = Debug|Any CPU
		{40BBAFE2-2D08-479F-9CFD-99A2C66955B3}.Debug|x64.ActiveCfg = Debug|Any CPU
		{40BBAFE2-2D08-479F-9CFD-99A2C66955B3}.Debug|x64.Build.0 = Debug|Any CPU
		{40BBAFE2-2D08-479F-9CFD-99A2C66955B3}.Debug|x86.ActiveCfg = Debug|Any CPU
		{40BBAFE2-2D08-479F-9CFD-99A2C66955B3}.Debug|x86.Build.0 = Debug|Any CPU
		{40BBAFE2-2D08-479F-9CFD-99A2C66955B3}.Release|Any CPU.ActiveCfg = Release|Any CPU
		{40BBAFE2-2D08-479F-9CFD-99A2C66955B3}.Release|Any CPU.Build.0 = Release|Any CPU
		{40BBAFE2-2D08-479F-9CFD-99A2C66955B3}.Release|x64.ActiveCfg = Release|Any CPU
		{40BBAFE2-2D08-479F-9CFD-99A2C66955B3}.Release|x64.Build.0 = Release|Any CPU
		{40BBAFE2-2D08-479F-9CFD-99A2C66955B3}.Release|x86.ActiveCfg = Release|Any CPU
		{40BBAFE2-2D08-479F-9CFD-99A2C66955B3}.Release|x86.Build.0 = Release|Any CPU
		{F97732D6-BF69-4D05-8266-83485058CA0E}.Debug|Any CPU.ActiveCfg = Debug|Any CPU
		{F97732D6-BF69-4D05-8266-83485058CA0E}.Debug|Any CPU.Build.0 = Debug|Any CPU
		{F97732D6-BF69-4D05-8266-83485058CA0E}.Debug|x64.ActiveCfg = Debug|Any CPU
		{F97732D6-BF69-4D05-8266-83485058CA0E}.Debug|x64.Build.0 = Debug|Any CPU
		{F97732D6-BF69-4D05-8266-83485058CA0E}.Debug|x86.ActiveCfg = Debug|Any CPU
		{F97732D6-BF69-4D05-8266-83485058CA0E}.Debug|x86.Build.0 = Debug|Any CPU
		{F97732D6-BF69-4D05-8266-83485058CA0E}.Release|Any CPU.ActiveCfg = Release|Any CPU
		{F97732D6-BF69-4D05-8266-83485058CA0E}.Release|Any CPU.Build.0 = Release|Any CPU
		{F97732D6-BF69-4D05-8266-83485058CA0E}.Release|x64.ActiveCfg = Release|Any CPU
		{F97732D6-BF69-4D05-8266-83485058CA0E}.Release|x64.Build.0 = Release|Any CPU
		{F97732D6-BF69-4D05-8266-83485058CA0E}.Release|x86.ActiveCfg = Release|Any CPU
		{F97732D6-BF69-4D05-8266-83485058CA0E}.Release|x86.Build.0 = Release|Any CPU
		{941D782F-17F5-4F2F-903E-DF17BEB66151}.Debug|Any CPU.ActiveCfg = Debug|Any CPU
		{941D782F-17F5-4F2F-903E-DF17BEB66151}.Debug|Any CPU.Build.0 = Debug|Any CPU
		{941D782F-17F5-4F2F-903E-DF17BEB66151}.Debug|x64.ActiveCfg = Debug|Any CPU
		{941D782F-17F5-4F2F-903E-DF17BEB66151}.Debug|x64.Build.0 = Debug|Any CPU
		{941D782F-17F5-4F2F-903E-DF17BEB66151}.Debug|x86.ActiveCfg = Debug|Any CPU
		{941D782F-17F5-4F2F-903E-DF17BEB66151}.Debug|x86.Build.0 = Debug|Any CPU
		{941D782F-17F5-4F2F-903E-DF17BEB66151}.Release|Any CPU.ActiveCfg = Release|Any CPU
		{941D782F-17F5-4F2F-903E-DF17BEB66151}.Release|Any CPU.Build.0 = Release|Any CPU
		{941D782F-17F5-4F2F-903E-DF17BEB66151}.Release|x64.ActiveCfg = Release|Any CPU
		{941D782F-17F5-4F2F-903E-DF17BEB66151}.Release|x64.Build.0 = Release|Any CPU
		{941D782F-17F5-4F2F-903E-DF17BEB66151}.Release|x86.ActiveCfg = Release|Any CPU
		{941D782F-17F5-4F2F-903E-DF17BEB66151}.Release|x86.Build.0 = Release|Any CPU
		{40D64843-381E-4EF4-B3C4-4AD8F2338735}.Debug|Any CPU.ActiveCfg = Debug|Any CPU
		{40D64843-381E-4EF4-B3C4-4AD8F2338735}.Debug|Any CPU.Build.0 = Debug|Any CPU
		{40D64843-381E-4EF4-B3C4-4AD8F2338735}.Debug|x64.ActiveCfg = Debug|Any CPU
		{40D64843-381E-4EF4-B3C4-4AD8F2338735}.Debug|x64.Build.0 = Debug|Any CPU
		{40D64843-381E-4EF4-B3C4-4AD8F2338735}.Debug|x86.ActiveCfg = Debug|Any CPU
		{40D64843-381E-4EF4-B3C4-4AD8F2338735}.Debug|x86.Build.0 = Debug|Any CPU
		{40D64843-381E-4EF4-B3C4-4AD8F2338735}.Release|Any CPU.ActiveCfg = Release|Any CPU
		{40D64843-381E-4EF4-B3C4-4AD8F2338735}.Release|Any CPU.Build.0 = Release|Any CPU
		{40D64843-381E-4EF4-B3C4-4AD8F2338735}.Release|x64.ActiveCfg = Release|Any CPU
		{40D64843-381E-4EF4-B3C4-4AD8F2338735}.Release|x64.Build.0 = Release|Any CPU
		{40D64843-381E-4EF4-B3C4-4AD8F2338735}.Release|x86.ActiveCfg = Release|Any CPU
		{40D64843-381E-4EF4-B3C4-4AD8F2338735}.Release|x86.Build.0 = Release|Any CPU
		{56D4DA11-4A0E-4A83-B7D5-F794C15FC8B8}.Debug|Any CPU.ActiveCfg = Debug|Any CPU
		{56D4DA11-4A0E-4A83-B7D5-F794C15FC8B8}.Debug|Any CPU.Build.0 = Debug|Any CPU
		{56D4DA11-4A0E-4A83-B7D5-F794C15FC8B8}.Debug|x64.ActiveCfg = Debug|Any CPU
		{56D4DA11-4A0E-4A83-B7D5-F794C15FC8B8}.Debug|x64.Build.0 = Debug|Any CPU
		{56D4DA11-4A0E-4A83-B7D5-F794C15FC8B8}.Debug|x86.ActiveCfg = Debug|Any CPU
		{56D4DA11-4A0E-4A83-B7D5-F794C15FC8B8}.Debug|x86.Build.0 = Debug|Any CPU
		{56D4DA11-4A0E-4A83-B7D5-F794C15FC8B8}.Release|Any CPU.ActiveCfg = Release|Any CPU
		{56D4DA11-4A0E-4A83-B7D5-F794C15FC8B8}.Release|Any CPU.Build.0 = Release|Any CPU
		{56D4DA11-4A0E-4A83-B7D5-F794C15FC8B8}.Release|x64.ActiveCfg = Release|Any CPU
		{56D4DA11-4A0E-4A83-B7D5-F794C15FC8B8}.Release|x64.Build.0 = Release|Any CPU
		{56D4DA11-4A0E-4A83-B7D5-F794C15FC8B8}.Release|x86.ActiveCfg = Release|Any CPU
		{56D4DA11-4A0E-4A83-B7D5-F794C15FC8B8}.Release|x86.Build.0 = Release|Any CPU
		{E14338AA-BAA7-4F9E-9FB7-EA68C4257DED}.Debug|Any CPU.ActiveCfg = Debug|Any CPU
		{E14338AA-BAA7-4F9E-9FB7-EA68C4257DED}.Debug|Any CPU.Build.0 = Debug|Any CPU
		{E14338AA-BAA7-4F9E-9FB7-EA68C4257DED}.Debug|x64.ActiveCfg = Debug|Any CPU
		{E14338AA-BAA7-4F9E-9FB7-EA68C4257DED}.Debug|x64.Build.0 = Debug|Any CPU
		{E14338AA-BAA7-4F9E-9FB7-EA68C4257DED}.Debug|x86.ActiveCfg = Debug|Any CPU
		{E14338AA-BAA7-4F9E-9FB7-EA68C4257DED}.Debug|x86.Build.0 = Debug|Any CPU
		{E14338AA-BAA7-4F9E-9FB7-EA68C4257DED}.Release|Any CPU.ActiveCfg = Release|Any CPU
		{E14338AA-BAA7-4F9E-9FB7-EA68C4257DED}.Release|Any CPU.Build.0 = Release|Any CPU
		{E14338AA-BAA7-4F9E-9FB7-EA68C4257DED}.Release|x64.ActiveCfg = Release|Any CPU
		{E14338AA-BAA7-4F9E-9FB7-EA68C4257DED}.Release|x64.Build.0 = Release|Any CPU
		{E14338AA-BAA7-4F9E-9FB7-EA68C4257DED}.Release|x86.ActiveCfg = Release|Any CPU
		{E14338AA-BAA7-4F9E-9FB7-EA68C4257DED}.Release|x86.Build.0 = Release|Any CPU
		{9D310C06-6170-4BFE-AEDA-8BABBAACD0E8}.Debug|Any CPU.ActiveCfg = Debug|Any CPU
		{9D310C06-6170-4BFE-AEDA-8BABBAACD0E8}.Debug|Any CPU.Build.0 = Debug|Any CPU
		{9D310C06-6170-4BFE-AEDA-8BABBAACD0E8}.Debug|x64.ActiveCfg = Debug|Any CPU
		{9D310C06-6170-4BFE-AEDA-8BABBAACD0E8}.Debug|x64.Build.0 = Debug|Any CPU
		{9D310C06-6170-4BFE-AEDA-8BABBAACD0E8}.Debug|x86.ActiveCfg = Debug|Any CPU
		{9D310C06-6170-4BFE-AEDA-8BABBAACD0E8}.Debug|x86.Build.0 = Debug|Any CPU
		{9D310C06-6170-4BFE-AEDA-8BABBAACD0E8}.Release|Any CPU.ActiveCfg = Release|Any CPU
		{9D310C06-6170-4BFE-AEDA-8BABBAACD0E8}.Release|Any CPU.Build.0 = Release|Any CPU
		{9D310C06-6170-4BFE-AEDA-8BABBAACD0E8}.Release|x64.ActiveCfg = Release|Any CPU
		{9D310C06-6170-4BFE-AEDA-8BABBAACD0E8}.Release|x64.Build.0 = Release|Any CPU
		{9D310C06-6170-4BFE-AEDA-8BABBAACD0E8}.Release|x86.ActiveCfg = Release|Any CPU
		{9D310C06-6170-4BFE-AEDA-8BABBAACD0E8}.Release|x86.Build.0 = Release|Any CPU
		{E1A0D3FF-CB60-48C6-A486-EAD79342B077}.Debug|Any CPU.ActiveCfg = Debug|Any CPU
		{E1A0D3FF-CB60-48C6-A486-EAD79342B077}.Debug|Any CPU.Build.0 = Debug|Any CPU
		{E1A0D3FF-CB60-48C6-A486-EAD79342B077}.Debug|x64.ActiveCfg = Debug|Any CPU
		{E1A0D3FF-CB60-48C6-A486-EAD79342B077}.Debug|x64.Build.0 = Debug|Any CPU
		{E1A0D3FF-CB60-48C6-A486-EAD79342B077}.Debug|x86.ActiveCfg = Debug|Any CPU
		{E1A0D3FF-CB60-48C6-A486-EAD79342B077}.Debug|x86.Build.0 = Debug|Any CPU
		{E1A0D3FF-CB60-48C6-A486-EAD79342B077}.Release|Any CPU.ActiveCfg = Release|Any CPU
		{E1A0D3FF-CB60-48C6-A486-EAD79342B077}.Release|Any CPU.Build.0 = Release|Any CPU
		{E1A0D3FF-CB60-48C6-A486-EAD79342B077}.Release|x64.ActiveCfg = Release|Any CPU
		{E1A0D3FF-CB60-48C6-A486-EAD79342B077}.Release|x64.Build.0 = Release|Any CPU
		{E1A0D3FF-CB60-48C6-A486-EAD79342B077}.Release|x86.ActiveCfg = Release|Any CPU
		{E1A0D3FF-CB60-48C6-A486-EAD79342B077}.Release|x86.Build.0 = Release|Any CPU
	EndGlobalSection
	GlobalSection(SolutionProperties) = preSolution
		HideSolutionNode = FALSE
	EndGlobalSection
	GlobalSection(NestedProjects) = preSolution
		{ACF3D96D-2546-4FD3-BC06-20497C7E2268} = {DFE662AE-465D-4300-820B-87C65FF51C91}
		{594CCBDD-E777-4E02-8A04-00239FC928F3} = {DFE662AE-465D-4300-820B-87C65FF51C91}
		{6B516D23-CE1F-41DD-A4B9-5FB492A7FA52} = {DFE662AE-465D-4300-820B-87C65FF51C91}
		{C1DCB895-C660-461D-9635-DF5ECF5B71D9} = {DFE662AE-465D-4300-820B-87C65FF51C91}
		{FCDA444B-1EBE-430B-BB67-A005DE46C4C8} = {DFE662AE-465D-4300-820B-87C65FF51C91}
		{04BEDB32-4577-4B56-A117-7CD467BCAA3D} = {DFE662AE-465D-4300-820B-87C65FF51C91}
		{40BBAFE2-2D08-479F-9CFD-99A2C66955B3} = {DFE662AE-465D-4300-820B-87C65FF51C91}
		{F97732D6-BF69-4D05-8266-83485058CA0E} = {DFE662AE-465D-4300-820B-87C65FF51C91}
		{941D782F-17F5-4F2F-903E-DF17BEB66151} = {DFE662AE-465D-4300-820B-87C65FF51C91}
		{40D64843-381E-4EF4-B3C4-4AD8F2338735} = {DFE662AE-465D-4300-820B-87C65FF51C91}
		{56D4DA11-4A0E-4A83-B7D5-F794C15FC8B8} = {DFE662AE-465D-4300-820B-87C65FF51C91}
		{E14338AA-BAA7-4F9E-9FB7-EA68C4257DED} = {DFE662AE-465D-4300-820B-87C65FF51C91}
		{9D310C06-6170-4BFE-AEDA-8BABBAACD0E8} = {DFE662AE-465D-4300-820B-87C65FF51C91}
		{E1A0D3FF-CB60-48C6-A486-EAD79342B077} = {DFE662AE-465D-4300-820B-87C65FF51C91}
	EndGlobalSection
	GlobalSection(ExtensibilityGlobals) = postSolution
		SolutionGuid = {48ADAD91-7687-499B-8655-16F8C3AD3EE3}
	EndGlobalSection
EndGlobal
